
Microsoft Visual Studio Solution File, Format Version 12.00
# Visual Studio 15
VisualStudioVersion = 15.0.26124.0
MinimumVisualStudioVersion = 15.0.26124.0
Project("{F2A71F9B-5D33-465A-A702-920D77279786}") = "Smartian", "src\Smartian.fsproj", "{F9C37441-9409-4A3C-AD66-34906693C90E}"
EndProject
Project("{2150E333-8FDC-42A3-9474-1A3956D46DE8}") = "EVMAnalysis", "EVMAnalysis", "{7DBA6F1F-C0BA-41F3-A9C2-299E70D92EF3}"
EndProject
Project("{F2A71F9B-5D33-465A-A702-920D77279786}") = "EVMAnalysis", "EVMAnalysis\src\EVMAnalysis.fsproj", "{332131E6-4ACF-4C2F-B262-D8D5DC446E21}"
EndProject
Project("{2150E333-8FDC-42A3-9474-1A3956D46DE8}") = "nethermind", "nethermind", "{71502FF3-B62F-4249-AEB0-6CF954A5C0A6}"
EndProject
Project("{2150E333-8FDC-42A3-9474-1A3956D46DE8}") = "src", "src", "{1F4386E6-919E-4393-B3FB-1BFD3DB813DC}"
EndProject
Project("{2150E333-8FDC-42A3-9474-1A3956D46DE8}") = "Nethermind", "Nethermind", "{A6457596-13EB-4A64-B889-ED3A9218D7BA}"
EndProject
Project("{FAE04EC0-301F-11D3-BF4B-00C04F79EFBC}") = "Nethermind.Config", "nethermind\src\Nethermind\Nethermind.Config\Nethermind.Config.csproj", "{D0747CB7-5914-4880-BDD4-6298F8F51E02}"
EndProject
Project("{FAE04EC0-301F-11D3-BF4B-00C04F79EFBC}") = "Nethermind.Stats", "nethermind\src\Nethermind\Nethermind.Stats\Nethermind.Stats.csproj", "{670417B4-FC02-4F95-B3B8-70A0DE920095}"
EndProject
Project("{FAE04EC0-301F-11D3-BF4B-00C04F79EFBC}") = "Nethermind.Mining", "nethermind\src\Nethermind\Nethermind.Mining\Nethermind.Mining.csproj", "{2843CB98-6CB6-455C-895F-1392C61B8C9C}"
EndProject
Project("{FAE04EC0-301F-11D3-BF4B-00C04F79EFBC}") = "Nethermind.Blockchain", "nethermind\src\Nethermind\Nethermind.Blockchain\Nethermind.Blockchain.csproj", "{A1F97D81-F508-41E0-A0A5-1872355F4B6D}"
EndProject
Project("{FAE04EC0-301F-11D3-BF4B-00C04F79EFBC}") = "Nethermind.Core", "nethermind\src\Nethermind\Nethermind.Core\Nethermind.Core.csproj", "{8945B24B-209F-402B-987E-A200510A7C15}"
EndProject
Project("{FAE04EC0-301F-11D3-BF4B-00C04F79EFBC}") = "Nethermind.Core.Test", "nethermind\src\Nethermind\Nethermind.Core.Test\Nethermind.Core.Test.csproj", "{11FB9F46-C1B2-43F3-A6E4-84125C889735}"
EndProject
Project("{FAE04EC0-301F-11D3-BF4B-00C04F79EFBC}") = "Nethermind.Secp256k1", "nethermind\src\Nethermind\Nethermind.Secp256k1\Nethermind.Secp256k1.csproj", "{7E0AE3E1-B407-44DC-A315-80F50E234C74}"
EndProject
Project("{FAE04EC0-301F-11D3-BF4B-00C04F79EFBC}") = "Nethermind.HashLib", "nethermind\src\Nethermind\Nethermind.HashLib\Nethermind.HashLib.csproj", "{0A24040C-6231-4721-B9BB-64748776DF67}"
EndProject
Project("{FAE04EC0-301F-11D3-BF4B-00C04F79EFBC}") = "Nethermind.Logging", "nethermind\src\Nethermind\Nethermind.Logging\Nethermind.Logging.csproj", "{5D434E6D-00C1-4D48-8B14-7E35B71F0863}"
EndProject
Project("{FAE04EC0-301F-11D3-BF4B-00C04F79EFBC}") = "Nethermind.Abi", "nethermind\src\Nethermind\Nethermind.Abi\Nethermind.Abi.csproj", "{8379B2BF-3878-4FF3-85E4-6F12E765B454}"
EndProject
Project("{FAE04EC0-301F-11D3-BF4B-00C04F79EFBC}") = "Nethermind.Store", "nethermind\src\Nethermind\Nethermind.Store\Nethermind.Store.csproj", "{E134EF37-C1EA-448D-A951-F3728200B039}"
EndProject
Project("{FAE04EC0-301F-11D3-BF4B-00C04F79EFBC}") = "Nethermind.Evm", "nethermind\src\Nethermind\Nethermind.Evm\Nethermind.Evm.csproj", "{0EC2A965-BB74-47CD-8849-FEDD546BD096}"
EndProject
Project("{FAE04EC0-301F-11D3-BF4B-00C04F79EFBC}") = "Nethermind.Evm.Test", "nethermind\src\Nethermind\Nethermind.Evm.Test\Nethermind.Evm.Test.csproj", "{91C12F06-112A-4F40-BA8B-342212F2BD1B}"
EndProject
Project("{2150E333-8FDC-42A3-9474-1A3956D46DE8}") = "Dirichlet", "Dirichlet", "{437BC0A3-73BB-47CF-A61C-93477C2CA79E}"
EndProject
Project("{FAE04EC0-301F-11D3-BF4B-00C04F79EFBC}") = "Nethermind.Dirichlet.Numerics", "nethermind\src\Dirichlet\Nethermind.Dirichlet.Numerics\Nethermind.Dirichlet.Numerics.csproj", "{7CB5B92A-9CE0-4A56-A63E-D4B5C4DEFCFA}"
EndProject
Global
	GlobalSection(SolutionConfigurationPlatforms) = preSolution
		Debug|Any CPU = Debug|Any CPU
		Debug|x64 = Debug|x64
		Debug|x86 = Debug|x86
		Release|Any CPU = Release|Any CPU
		Release|x64 = Release|x64
		Release|x86 = Release|x86
	EndGlobalSection
	GlobalSection(SolutionProperties) = preSolution
		HideSolutionNode = FALSE
	EndGlobalSection
	GlobalSection(ProjectConfigurationPlatforms) = postSolution
		{F9C37441-9409-4A3C-AD66-34906693C90E}.Debug|Any CPU.ActiveCfg = Debug|Any CPU
		{F9C37441-9409-4A3C-AD66-34906693C90E}.Debug|Any CPU.Build.0 = Debug|Any CPU
		{F9C37441-9409-4A3C-AD66-34906693C90E}.Debug|x64.ActiveCfg = Debug|Any CPU
		{F9C37441-9409-4A3C-AD66-34906693C90E}.Debug|x64.Build.0 = Debug|Any CPU
		{F9C37441-9409-4A3C-AD66-34906693C90E}.Debug|x86.ActiveCfg = Debug|Any CPU
		{F9C37441-9409-4A3C-AD66-34906693C90E}.Debug|x86.Build.0 = Debug|Any CPU
		{F9C37441-9409-4A3C-AD66-34906693C90E}.Release|Any CPU.ActiveCfg = Release|Any CPU
		{F9C37441-9409-4A3C-AD66-34906693C90E}.Release|Any CPU.Build.0 = Release|Any CPU
		{F9C37441-9409-4A3C-AD66-34906693C90E}.Release|x64.ActiveCfg = Release|Any CPU
		{F9C37441-9409-4A3C-AD66-34906693C90E}.Release|x64.Build.0 = Release|Any CPU
		{F9C37441-9409-4A3C-AD66-34906693C90E}.Release|x86.ActiveCfg = Release|Any CPU
		{F9C37441-9409-4A3C-AD66-34906693C90E}.Release|x86.Build.0 = Release|Any CPU
		{332131E6-4ACF-4C2F-B262-D8D5DC446E21}.Debug|Any CPU.ActiveCfg = Debug|Any CPU
		{332131E6-4ACF-4C2F-B262-D8D5DC446E21}.Debug|Any CPU.Build.0 = Debug|Any CPU
		{332131E6-4ACF-4C2F-B262-D8D5DC446E21}.Debug|x64.ActiveCfg = Debug|Any CPU
		{332131E6-4ACF-4C2F-B262-D8D5DC446E21}.Debug|x64.Build.0 = Debug|Any CPU
		{332131E6-4ACF-4C2F-B262-D8D5DC446E21}.Debug|x86.ActiveCfg = Debug|Any CPU
		{332131E6-4ACF-4C2F-B262-D8D5DC446E21}.Debug|x86.Build.0 = Debug|Any CPU
		{332131E6-4ACF-4C2F-B262-D8D5DC446E21}.Release|Any CPU.ActiveCfg = Release|Any CPU
		{332131E6-4ACF-4C2F-B262-D8D5DC446E21}.Release|Any CPU.Build.0 = Release|Any CPU
		{332131E6-4ACF-4C2F-B262-D8D5DC446E21}.Release|x64.ActiveCfg = Release|Any CPU
		{332131E6-4ACF-4C2F-B262-D8D5DC446E21}.Release|x64.Build.0 = Release|Any CPU
		{332131E6-4ACF-4C2F-B262-D8D5DC446E21}.Release|x86.ActiveCfg = Release|Any CPU
		{332131E6-4ACF-4C2F-B262-D8D5DC446E21}.Release|x86.Build.0 = Release|Any CPU
		{D0747CB7-5914-4880-BDD4-6298F8F51E02}.Debug|Any CPU.ActiveCfg = Debug|Any CPU
		{D0747CB7-5914-4880-BDD4-6298F8F51E02}.Debug|Any CPU.Build.0 = Debug|Any CPU
		{D0747CB7-5914-4880-BDD4-6298F8F51E02}.Debug|x64.ActiveCfg = Debug|Any CPU
		{D0747CB7-5914-4880-BDD4-6298F8F51E02}.Debug|x64.Build.0 = Debug|Any CPU
		{D0747CB7-5914-4880-BDD4-6298F8F51E02}.Debug|x86.ActiveCfg = Debug|Any CPU
		{D0747CB7-5914-4880-BDD4-6298F8F51E02}.Debug|x86.Build.0 = Debug|Any CPU
		{D0747CB7-5914-4880-BDD4-6298F8F51E02}.Release|Any CPU.ActiveCfg = Release|Any CPU
		{D0747CB7-5914-4880-BDD4-6298F8F51E02}.Release|Any CPU.Build.0 = Release|Any CPU
		{D0747CB7-5914-4880-BDD4-6298F8F51E02}.Release|x64.ActiveCfg = Release|Any CPU
		{D0747CB7-5914-4880-BDD4-6298F8F51E02}.Release|x64.Build.0 = Release|Any CPU
		{D0747CB7-5914-4880-BDD4-6298F8F51E02}.Release|x86.ActiveCfg = Release|Any CPU
		{D0747CB7-5914-4880-BDD4-6298F8F51E02}.Release|x86.Build.0 = Release|Any CPU
		{670417B4-FC02-4F95-B3B8-70A0DE920095}.Debug|Any CPU.ActiveCfg = Debug|Any CPU
		{670417B4-FC02-4F95-B3B8-70A0DE920095}.Debug|Any CPU.Build.0 = Debug|Any CPU
		{670417B4-FC02-4F95-B3B8-70A0DE920095}.Debug|x64.ActiveCfg = Debug|Any CPU
		{670417B4-FC02-4F95-B3B8-70A0DE920095}.Debug|x64.Build.0 = Debug|Any CPU
		{670417B4-FC02-4F95-B3B8-70A0DE920095}.Debug|x86.ActiveCfg = Debug|Any CPU
		{670417B4-FC02-4F95-B3B8-70A0DE920095}.Debug|x86.Build.0 = Debug|Any CPU
		{670417B4-FC02-4F95-B3B8-70A0DE920095}.Release|Any CPU.ActiveCfg = Release|Any CPU
		{670417B4-FC02-4F95-B3B8-70A0DE920095}.Release|Any CPU.Build.0 = Release|Any CPU
		{670417B4-FC02-4F95-B3B8-70A0DE920095}.Release|x64.ActiveCfg = Release|Any CPU
		{670417B4-FC02-4F95-B3B8-70A0DE920095}.Release|x64.Build.0 = Release|Any CPU
		{670417B4-FC02-4F95-B3B8-70A0DE920095}.Release|x86.ActiveCfg = Release|Any CPU
		{670417B4-FC02-4F95-B3B8-70A0DE920095}.Release|x86.Build.0 = Release|Any CPU
		{2843CB98-6CB6-455C-895F-1392C61B8C9C}.Debug|Any CPU.ActiveCfg = Debug|Any CPU
		{2843CB98-6CB6-455C-895F-1392C61B8C9C}.Debug|Any CPU.Build.0 = Debug|Any CPU
		{2843CB98-6CB6-455C-895F-1392C61B8C9C}.Debug|x64.ActiveCfg = Debug|Any CPU
		{2843CB98-6CB6-455C-895F-1392C61B8C9C}.Debug|x64.Build.0 = Debug|Any CPU
		{2843CB98-6CB6-455C-895F-1392C61B8C9C}.Debug|x86.ActiveCfg = Debug|Any CPU
		{2843CB98-6CB6-455C-895F-1392C61B8C9C}.Debug|x86.Build.0 = Debug|Any CPU
		{2843CB98-6CB6-455C-895F-1392C61B8C9C}.Release|Any CPU.ActiveCfg = Release|Any CPU
		{2843CB98-6CB6-455C-895F-1392C61B8C9C}.Release|Any CPU.Build.0 = Release|Any CPU
		{2843CB98-6CB6-455C-895F-1392C61B8C9C}.Release|x64.ActiveCfg = Release|Any CPU
		{2843CB98-6CB6-455C-895F-1392C61B8C9C}.Release|x64.Build.0 = Release|Any CPU
		{2843CB98-6CB6-455C-895F-1392C61B8C9C}.Release|x86.ActiveCfg = Release|Any CPU
		{2843CB98-6CB6-455C-895F-1392C61B8C9C}.Release|x86.Build.0 = Release|Any CPU
		{A1F97D81-F508-41E0-A0A5-1872355F4B6D}.Debug|Any CPU.ActiveCfg = Debug|Any CPU
		{A1F97D81-F508-41E0-A0A5-1872355F4B6D}.Debug|Any CPU.Build.0 = Debug|Any CPU
		{A1F97D81-F508-41E0-A0A5-1872355F4B6D}.Debug|x64.ActiveCfg = Debug|Any CPU
		{A1F97D81-F508-41E0-A0A5-1872355F4B6D}.Debug|x64.Build.0 = Debug|Any CPU
		{A1F97D81-F508-41E0-A0A5-1872355F4B6D}.Debug|x86.ActiveCfg = Debug|Any CPU
		{A1F97D81-F508-41E0-A0A5-1872355F4B6D}.Debug|x86.Build.0 = Debug|Any CPU
		{A1F97D81-F508-41E0-A0A5-1872355F4B6D}.Release|Any CPU.ActiveCfg = Release|Any CPU
		{A1F97D81-F508-41E0-A0A5-1872355F4B6D}.Release|Any CPU.Build.0 = Release|Any CPU
		{A1F97D81-F508-41E0-A0A5-1872355F4B6D}.Release|x64.ActiveCfg = Release|Any CPU
		{A1F97D81-F508-41E0-A0A5-1872355F4B6D}.Release|x64.Build.0 = Release|Any CPU
		{A1F97D81-F508-41E0-A0A5-1872355F4B6D}.Release|x86.ActiveCfg = Release|Any CPU
		{A1F97D81-F508-41E0-A0A5-1872355F4B6D}.Release|x86.Build.0 = Release|Any CPU
		{8945B24B-209F-402B-987E-A200510A7C15}.Debug|Any CPU.ActiveCfg = Debug|Any CPU
		{8945B24B-209F-402B-987E-A200510A7C15}.Debug|Any CPU.Build.0 = Debug|Any CPU
		{8945B24B-209F-402B-987E-A200510A7C15}.Debug|x64.ActiveCfg = Debug|Any CPU
		{8945B24B-209F-402B-987E-A200510A7C15}.Debug|x64.Build.0 = Debug|Any CPU
		{8945B24B-209F-402B-987E-A200510A7C15}.Debug|x86.ActiveCfg = Debug|Any CPU
		{8945B24B-209F-402B-987E-A200510A7C15}.Debug|x86.Build.0 = Debug|Any CPU
		{8945B24B-209F-402B-987E-A200510A7C15}.Release|Any CPU.ActiveCfg = Release|Any CPU
		{8945B24B-209F-402B-987E-A200510A7C15}.Release|Any CPU.Build.0 = Release|Any CPU
		{8945B24B-209F-402B-987E-A200510A7C15}.Release|x64.ActiveCfg = Release|Any CPU
		{8945B24B-209F-402B-987E-A200510A7C15}.Release|x64.Build.0 = Release|Any CPU
		{8945B24B-209F-402B-987E-A200510A7C15}.Release|x86.ActiveCfg = Release|Any CPU
		{8945B24B-209F-402B-987E-A200510A7C15}.Release|x86.Build.0 = Release|Any CPU
		{11FB9F46-C1B2-43F3-A6E4-84125C889735}.Debug|Any CPU.ActiveCfg = Debug|Any CPU
		{11FB9F46-C1B2-43F3-A6E4-84125C889735}.Debug|Any CPU.Build.0 = Debug|Any CPU
		{11FB9F46-C1B2-43F3-A6E4-84125C889735}.Debug|x64.ActiveCfg = Debug|Any CPU
		{11FB9F46-C1B2-43F3-A6E4-84125C889735}.Debug|x64.Build.0 = Debug|Any CPU
		{11FB9F46-C1B2-43F3-A6E4-84125C889735}.Debug|x86.ActiveCfg = Debug|Any CPU
		{11FB9F46-C1B2-43F3-A6E4-84125C889735}.Debug|x86.Build.0 = Debug|Any CPU
		{11FB9F46-C1B2-43F3-A6E4-84125C889735}.Release|Any CPU.ActiveCfg = Release|Any CPU
		{11FB9F46-C1B2-43F3-A6E4-84125C889735}.Release|Any CPU.Build.0 = Release|Any CPU
		{11FB9F46-C1B2-43F3-A6E4-84125C889735}.Release|x64.ActiveCfg = Release|Any CPU
		{11FB9F46-C1B2-43F3-A6E4-84125C889735}.Release|x64.Build.0 = Release|Any CPU
		{11FB9F46-C1B2-43F3-A6E4-84125C889735}.Release|x86.ActiveCfg = Release|Any CPU
		{11FB9F46-C1B2-43F3-A6E4-84125C889735}.Release|x86.Build.0 = Release|Any CPU
		{7E0AE3E1-B407-44DC-A315-80F50E234C74}.Debug|Any CPU.ActiveCfg = Debug|Any CPU
		{7E0AE3E1-B407-44DC-A315-80F50E234C74}.Debug|Any CPU.Build.0 = Debug|Any CPU
		{7E0AE3E1-B407-44DC-A315-80F50E234C74}.Debug|x64.ActiveCfg = Debug|Any CPU
		{7E0AE3E1-B407-44DC-A315-80F50E234C74}.Debug|x64.Build.0 = Debug|Any CPU
		{7E0AE3E1-B407-44DC-A315-80F50E234C74}.Debug|x86.ActiveCfg = Debug|Any CPU
		{7E0AE3E1-B407-44DC-A315-80F50E234C74}.Debug|x86.Build.0 = Debug|Any CPU
		{7E0AE3E1-B407-44DC-A315-80F50E234C74}.Release|Any CPU.ActiveCfg = Release|Any CPU
		{7E0AE3E1-B407-44DC-A315-80F50E234C74}.Release|Any CPU.Build.0 = Release|Any CPU
		{7E0AE3E1-B407-44DC-A315-80F50E234C74}.Release|x64.ActiveCfg = Release|Any CPU
		{7E0AE3E1-B407-44DC-A315-80F50E234C74}.Release|x64.Build.0 = Release|Any CPU
		{7E0AE3E1-B407-44DC-A315-80F50E234C74}.Release|x86.ActiveCfg = Release|Any CPU
		{7E0AE3E1-B407-44DC-A315-80F50E234C74}.Release|x86.Build.0 = Release|Any CPU
		{0A24040C-6231-4721-B9BB-64748776DF67}.Debug|Any CPU.ActiveCfg = Debug|Any CPU
		{0A24040C-6231-4721-B9BB-64748776DF67}.Debug|Any CPU.Build.0 = Debug|Any CPU
		{0A24040C-6231-4721-B9BB-64748776DF67}.Debug|x64.ActiveCfg = Debug|Any CPU
		{0A24040C-6231-4721-B9BB-64748776DF67}.Debug|x64.Build.0 = Debug|Any CPU
		{0A24040C-6231-4721-B9BB-64748776DF67}.Debug|x86.ActiveCfg = Debug|Any CPU
		{0A24040C-6231-4721-B9BB-64748776DF67}.Debug|x86.Build.0 = Debug|Any CPU
		{0A24040C-6231-4721-B9BB-64748776DF67}.Release|Any CPU.ActiveCfg = Release|Any CPU
		{0A24040C-6231-4721-B9BB-64748776DF67}.Release|Any CPU.Build.0 = Release|Any CPU
		{0A24040C-6231-4721-B9BB-64748776DF67}.Release|x64.ActiveCfg = Release|Any CPU
		{0A24040C-6231-4721-B9BB-64748776DF67}.Release|x64.Build.0 = Release|Any CPU
		{0A24040C-6231-4721-B9BB-64748776DF67}.Release|x86.ActiveCfg = Release|Any CPU
		{0A24040C-6231-4721-B9BB-64748776DF67}.Release|x86.Build.0 = Release|Any CPU
		{5D434E6D-00C1-4D48-8B14-7E35B71F0863}.Debug|Any CPU.ActiveCfg = Debug|Any CPU
		{5D434E6D-00C1-4D48-8B14-7E35B71F0863}.Debug|Any CPU.Build.0 = Debug|Any CPU
		{5D434E6D-00C1-4D48-8B14-7E35B71F0863}.Debug|x64.ActiveCfg = Debug|Any CPU
		{5D434E6D-00C1-4D48-8B14-7E35B71F0863}.Debug|x64.Build.0 = Debug|Any CPU
		{5D434E6D-00C1-4D48-8B14-7E35B71F0863}.Debug|x86.ActiveCfg = Debug|Any CPU
		{5D434E6D-00C1-4D48-8B14-7E35B71F0863}.Debug|x86.Build.0 = Debug|Any CPU
		{5D434E6D-00C1-4D48-8B14-7E35B71F0863}.Release|Any CPU.ActiveCfg = Release|Any CPU
		{5D434E6D-00C1-4D48-8B14-7E35B71F0863}.Release|Any CPU.Build.0 = Release|Any CPU
		{5D434E6D-00C1-4D48-8B14-7E35B71F0863}.Release|x64.ActiveCfg = Release|Any CPU
		{5D434E6D-00C1-4D48-8B14-7E35B71F0863}.Release|x64.Build.0 = Release|Any CPU
		{5D434E6D-00C1-4D48-8B14-7E35B71F0863}.Release|x86.ActiveCfg = Release|Any CPU
		{5D434E6D-00C1-4D48-8B14-7E35B71F0863}.Release|x86.Build.0 = Release|Any CPU
		{8379B2BF-3878-4FF3-85E4-6F12E765B454}.Debug|Any CPU.ActiveCfg = Debug|Any CPU
		{8379B2BF-3878-4FF3-85E4-6F12E765B454}.Debug|Any CPU.Build.0 = Debug|Any CPU
		{8379B2BF-3878-4FF3-85E4-6F12E765B454}.Debug|x64.ActiveCfg = Debug|Any CPU
		{8379B2BF-3878-4FF3-85E4-6F12E765B454}.Debug|x64.Build.0 = Debug|Any CPU
		{8379B2BF-3878-4FF3-85E4-6F12E765B454}.Debug|x86.ActiveCfg = Debug|Any CPU
		{8379B2BF-3878-4FF3-85E4-6F12E765B454}.Debug|x86.Build.0 = Debug|Any CPU
		{8379B2BF-3878-4FF3-85E4-6F12E765B454}.Release|Any CPU.ActiveCfg = Release|Any CPU
		{8379B2BF-3878-4FF3-85E4-6F12E765B454}.Release|Any CPU.Build.0 = Release|Any CPU
		{8379B2BF-3878-4FF3-85E4-6F12E765B454}.Release|x64.ActiveCfg = Release|Any CPU
		{8379B2BF-3878-4FF3-85E4-6F12E765B454}.Release|x64.Build.0 = Release|Any CPU
		{8379B2BF-3878-4FF3-85E4-6F12E765B454}.Release|x86.ActiveCfg = Release|Any CPU
		{8379B2BF-3878-4FF3-85E4-6F12E765B454}.Release|x86.Build.0 = Release|Any CPU
		{E134EF37-C1EA-448D-A951-F3728200B039}.Debug|Any CPU.ActiveCfg = Debug|Any CPU
		{E134EF37-C1EA-448D-A951-F3728200B039}.Debug|Any CPU.Build.0 = Debug|Any CPU
		{E134EF37-C1EA-448D-A951-F3728200B039}.Debug|x64.ActiveCfg = Debug|Any CPU
		{E134EF37-C1EA-448D-A951-F3728200B039}.Debug|x64.Build.0 = Debug|Any CPU
		{E134EF37-C1EA-448D-A951-F3728200B039}.Debug|x86.ActiveCfg = Debug|Any CPU
		{E134EF37-C1EA-448D-A951-F3728200B039}.Debug|x86.Build.0 = Debug|Any CPU
		{E134EF37-C1EA-448D-A951-F3728200B039}.Release|Any CPU.ActiveCfg = Release|Any CPU
		{E134EF37-C1EA-448D-A951-F3728200B039}.Release|Any CPU.Build.0 = Release|Any CPU
		{E134EF37-C1EA-448D-A951-F3728200B039}.Release|x64.ActiveCfg = Release|Any CPU
		{E134EF37-C1EA-448D-A951-F3728200B039}.Release|x64.Build.0 = Release|Any CPU
		{E134EF37-C1EA-448D-A951-F3728200B039}.Release|x86.ActiveCfg = Release|Any CPU
		{E134EF37-C1EA-448D-A951-F3728200B039}.Release|x86.Build.0 = Release|Any CPU
		{0EC2A965-BB74-47CD-8849-FEDD546BD096}.Debug|Any CPU.ActiveCfg = Debug|Any CPU
		{0EC2A965-BB74-47CD-8849-FEDD546BD096}.Debug|Any CPU.Build.0 = Debug|Any CPU
		{0EC2A965-BB74-47CD-8849-FEDD546BD096}.Debug|x64.ActiveCfg = Debug|Any CPU
		{0EC2A965-BB74-47CD-8849-FEDD546BD096}.Debug|x64.Build.0 = Debug|Any CPU
		{0EC2A965-BB74-47CD-8849-FEDD546BD096}.Debug|x86.ActiveCfg = Debug|Any CPU
		{0EC2A965-BB74-47CD-8849-FEDD546BD096}.Debug|x86.Build.0 = Debug|Any CPU
		{0EC2A965-BB74-47CD-8849-FEDD546BD096}.Release|Any CPU.ActiveCfg = Release|Any CPU
		{0EC2A965-BB74-47CD-8849-FEDD546BD096}.Release|Any CPU.Build.0 = Release|Any CPU
		{0EC2A965-BB74-47CD-8849-FEDD546BD096}.Release|x64.ActiveCfg = Release|Any CPU
		{0EC2A965-BB74-47CD-8849-FEDD546BD096}.Release|x64.Build.0 = Release|Any CPU
		{0EC2A965-BB74-47CD-8849-FEDD546BD096}.Release|x86.ActiveCfg = Release|Any CPU
		{0EC2A965-BB74-47CD-8849-FEDD546BD096}.Release|x86.Build.0 = Release|Any CPU
		{91C12F06-112A-4F40-BA8B-342212F2BD1B}.Debug|Any CPU.ActiveCfg = Debug|Any CPU
		{91C12F06-112A-4F40-BA8B-342212F2BD1B}.Debug|Any CPU.Build.0 = Debug|Any CPU
		{91C12F06-112A-4F40-BA8B-342212F2BD1B}.Debug|x64.ActiveCfg = Debug|Any CPU
		{91C12F06-112A-4F40-BA8B-342212F2BD1B}.Debug|x64.Build.0 = Debug|Any CPU
		{91C12F06-112A-4F40-BA8B-342212F2BD1B}.Debug|x86.ActiveCfg = Debug|Any CPU
		{91C12F06-112A-4F40-BA8B-342212F2BD1B}.Debug|x86.Build.0 = Debug|Any CPU
		{91C12F06-112A-4F40-BA8B-342212F2BD1B}.Release|Any CPU.ActiveCfg = Release|Any CPU
		{91C12F06-112A-4F40-BA8B-342212F2BD1B}.Release|Any CPU.Build.0 = Release|Any CPU
		{91C12F06-112A-4F40-BA8B-342212F2BD1B}.Release|x64.ActiveCfg = Release|Any CPU
		{91C12F06-112A-4F40-BA8B-342212F2BD1B}.Release|x64.Build.0 = Release|Any CPU
		{91C12F06-112A-4F40-BA8B-342212F2BD1B}.Release|x86.ActiveCfg = Release|Any CPU
		{91C12F06-112A-4F40-BA8B-342212F2BD1B}.Release|x86.Build.0 = Release|Any CPU
		{7CB5B92A-9CE0-4A56-A63E-D4B5C4DEFCFA}.Debug|Any CPU.ActiveCfg = Debug|Any CPU
		{7CB5B92A-9CE0-4A56-A63E-D4B5C4DEFCFA}.Debug|Any CPU.Build.0 = Debug|Any CPU
		{7CB5B92A-9CE0-4A56-A63E-D4B5C4DEFCFA}.Debug|x64.ActiveCfg = Debug|Any CPU
		{7CB5B92A-9CE0-4A56-A63E-D4B5C4DEFCFA}.Debug|x64.Build.0 = Debug|Any CPU
		{7CB5B92A-9CE0-4A56-A63E-D4B5C4DEFCFA}.Debug|x86.ActiveCfg = Debug|Any CPU
		{7CB5B92A-9CE0-4A56-A63E-D4B5C4DEFCFA}.Debug|x86.Build.0 = Debug|Any CPU
		{7CB5B92A-9CE0-4A56-A63E-D4B5C4DEFCFA}.Release|Any CPU.ActiveCfg = Release|Any CPU
		{7CB5B92A-9CE0-4A56-A63E-D4B5C4DEFCFA}.Release|Any CPU.Build.0 = Release|Any CPU
		{7CB5B92A-9CE0-4A56-A63E-D4B5C4DEFCFA}.Release|x64.ActiveCfg = Release|Any CPU
		{7CB5B92A-9CE0-4A56-A63E-D4B5C4DEFCFA}.Release|x64.Build.0 = Release|Any CPU
		{7CB5B92A-9CE0-4A56-A63E-D4B5C4DEFCFA}.Release|x86.ActiveCfg = Release|Any CPU
		{7CB5B92A-9CE0-4A56-A63E-D4B5C4DEFCFA}.Release|x86.Build.0 = Release|Any CPU
	EndGlobalSection
	GlobalSection(NestedProjects) = preSolution
		{332131E6-4ACF-4C2F-B262-D8D5DC446E21} = {7DBA6F1F-C0BA-41F3-A9C2-299E70D92EF3}
		{1F4386E6-919E-4393-B3FB-1BFD3DB813DC} = {71502FF3-B62F-4249-AEB0-6CF954A5C0A6}
		{A6457596-13EB-4A64-B889-ED3A9218D7BA} = {1F4386E6-919E-4393-B3FB-1BFD3DB813DC}
		{D0747CB7-5914-4880-BDD4-6298F8F51E02} = {A6457596-13EB-4A64-B889-ED3A9218D7BA}
		{670417B4-FC02-4F95-B3B8-70A0DE920095} = {A6457596-13EB-4A64-B889-ED3A9218D7BA}
		{2843CB98-6CB6-455C-895F-1392C61B8C9C} = {A6457596-13EB-4A64-B889-ED3A9218D7BA}
		{A1F97D81-F508-41E0-A0A5-1872355F4B6D} = {A6457596-13EB-4A64-B889-ED3A9218D7BA}
		{8945B24B-209F-402B-987E-A200510A7C15} = {A6457596-13EB-4A64-B889-ED3A9218D7BA}
		{11FB9F46-C1B2-43F3-A6E4-84125C889735} = {A6457596-13EB-4A64-B889-ED3A9218D7BA}
		{7E0AE3E1-B407-44DC-A315-80F50E234C74} = {A6457596-13EB-4A64-B889-ED3A9218D7BA}
		{0A24040C-6231-4721-B9BB-64748776DF67} = {A6457596-13EB-4A64-B889-ED3A9218D7BA}
		{5D434E6D-00C1-4D48-8B14-7E35B71F0863} = {A6457596-13EB-4A64-B889-ED3A9218D7BA}
		{8379B2BF-3878-4FF3-85E4-6F12E765B454} = {A6457596-13EB-4A64-B889-ED3A9218D7BA}
		{E134EF37-C1EA-448D-A951-F3728200B039} = {A6457596-13EB-4A64-B889-ED3A9218D7BA}
		{0EC2A965-BB74-47CD-8849-FEDD546BD096} = {A6457596-13EB-4A64-B889-ED3A9218D7BA}
		{91C12F06-112A-4F40-BA8B-342212F2BD1B} = {A6457596-13EB-4A64-B889-ED3A9218D7BA}
		{437BC0A3-73BB-47CF-A61C-93477C2CA79E} = {1F4386E6-919E-4393-B3FB-1BFD3DB813DC}
		{7CB5B92A-9CE0-4A56-A63E-D4B5C4DEFCFA} = {437BC0A3-73BB-47CF-A61C-93477C2CA79E}
	EndGlobalSection
EndGlobal
