
Microsoft Visual Studio Solution File, Format Version 12.00
# Visual Studio Version 16
VisualStudioVersion = 16.0.30907.101
MinimumVisualStudioVersion = 15.0.26124.0
Project("{6EC3EE1D-3C4E-46DD-8F32-0CC8E7565705}") = "EVMAnalysis", "src\EVMAnalysis.fsproj", "{9BAA8984-129E-4567-9DBD-DA69750833BD}"
EndProject
Project("{6EC3EE1D-3C4E-46DD-8F32-0CC8E7565705}") = "B2R2.Core", "B2R2\src\Core\B2R2.Core.fsproj", "{FAFF6555-F402-4893-AFDE-83839CEEA0C3}"
EndProject
Project("{6EC3EE1D-3C4E-46DD-8F32-0CC8E7565705}") = "B2R2.BinIR", "B2R2\src\BinIR\B2R2.BinIR.fsproj", "{D49F6D18-028E-462A-8042-BD041621F26F}"
EndProject
Project("{6EC3EE1D-3C4E-46DD-8F32-0CC8E7565705}") = "B2R2.FrontEnd.BinFile", "B2R2\src\FrontEnd\BinFile\B2R2.FrontEnd.BinFile.fsproj", "{58451FDA-4CD9-4ACE-A79D-9A75548F746D}"
EndProject
Project("{6EC3EE1D-3C4E-46DD-8F32-0CC8E7565705}") = "B2R2.FrontEnd.BinInterface", "B2R2\src\FrontEnd\BinInterface\B2R2.FrontEnd.BinInterface.fsproj", "{824B57B8-8A88-4ED6-9BF6-AF5826AFD252}"
EndProject
Project("{6EC3EE1D-3C4E-46DD-8F32-0CC8E7565705}") = "B2R2.FrontEnd.BinLifter.ARM32", "B2R2\src\FrontEnd\BinLifter\ARM32\B2R2.FrontEnd.BinLifter.ARM32.fsproj", "{6E51EABB-9FC2-47AC-9CAC-111B318FE908}"
EndProject
Project("{6EC3EE1D-3C4E-46DD-8F32-0CC8E7565705}") = "B2R2.FrontEnd.BinLifter.ARM64", "B2R2\src\FrontEnd\BinLifter\ARM64\B2R2.FrontEnd.BinLifter.ARM64.fsproj", "{ADEBBF6F-5CDC-4768-A793-5040622D0830}"
EndProject
Project("{6EC3EE1D-3C4E-46DD-8F32-0CC8E7565705}") = "B2R2.FrontEnd.BinLifter.CIL", "B2R2\src\FrontEnd\BinLifter\CIL\B2R2.FrontEnd.BinLifter.CIL.fsproj", "{74F0CE52-837A-4345-8936-4779B7BADD03}"
EndProject
Project("{6EC3EE1D-3C4E-46DD-8F32-0CC8E7565705}") = "B2R2.FrontEnd.BinLifter.Core", "B2R2\src\FrontEnd\BinLifter\Core\B2R2.FrontEnd.BinLifter.Core.fsproj", "{73967CFA-78B3-40C2-AC3E-757E8745CB8D}"
EndProject
Project("{6EC3EE1D-3C4E-46DD-8F32-0CC8E7565705}") = "B2R2.FrontEnd.BinLifter.EVM", "B2R2\src\FrontEnd\BinLifter\EVM\B2R2.FrontEnd.BinLifter.EVM.fsproj", "{1381979B-49FC-4D97-8912-EC1478CE4264}"
EndProject
Project("{6EC3EE1D-3C4E-46DD-8F32-0CC8E7565705}") = "B2R2.FrontEnd.BinLifter.Intel", "B2R2\src\FrontEnd\BinLifter\Intel\B2R2.FrontEnd.BinLifter.Intel.fsproj", "{06885D77-4A1B-4C58-BE50-2937C9E31B3D}"
EndProject
Project("{6EC3EE1D-3C4E-46DD-8F32-0CC8E7565705}") = "B2R2.FrontEnd.BinLifter.MIPS", "B2R2\src\FrontEnd\BinLifter\MIPS\B2R2.FrontEnd.BinLifter.MIPS.fsproj", "{D4107398-AE04-4353-BE04-45814C3E2AEF}"
EndProject
Project("{6EC3EE1D-3C4E-46DD-8F32-0CC8E7565705}") = "B2R2.FrontEnd.BinLifter.Optimizer", "B2R2\src\FrontEnd\BinLifter\Optimizer\B2R2.FrontEnd.BinLifter.Optimizer.fsproj", "{120FC054-B006-4ADD-B61E-A41DC9D7C58D}"
EndProject
Project("{6EC3EE1D-3C4E-46DD-8F32-0CC8E7565705}") = "B2R2.FrontEnd.BinLifter.TMS320C6000", "B2R2\src\FrontEnd\BinLifter\TMS320C6000\B2R2.FrontEnd.BinLifter.TMS320C6000.fsproj", "{8B1F2F63-EA1C-4B50-B238-8EB3F35303E1}"
EndProject
Project("{6EC3EE1D-3C4E-46DD-8F32-0CC8E7565705}") = "B2R2.MiddleEnd.BinEssence", "B2R2\src\MiddleEnd\BinEssence\B2R2.MiddleEnd.BinEssence.fsproj", "{9F7D9FA0-4C14-40C2-BC7B-B52540DCE16F}"
EndProject
Project("{6EC3EE1D-3C4E-46DD-8F32-0CC8E7565705}") = "B2R2.MiddleEnd.BinGraph", "B2R2\src\MiddleEnd\BinGraph\B2R2.MiddleEnd.BinGraph.fsproj", "{66487E54-7725-4094-A3D9-35DB05D89038}"
EndProject
Project("{6EC3EE1D-3C4E-46DD-8F32-0CC8E7565705}") = "B2R2.MiddleEnd.ConcEval", "B2R2\src\MiddleEnd\ConcEval\B2R2.MiddleEnd.ConcEval.fsproj", "{7D36500C-7747-4B5E-A92C-022D6A5C5CEE}"
EndProject
Project("{6EC3EE1D-3C4E-46DD-8F32-0CC8E7565705}") = "B2R2.MiddleEnd.DataFlow", "B2R2\src\MiddleEnd\DataFlow\B2R2.MiddleEnd.DataFlow.fsproj", "{1368FFC8-DFB4-4017-BAA3-435C7D965E7B}"
EndProject
Project("{6EC3EE1D-3C4E-46DD-8F32-0CC8E7565705}") = "B2R2.MiddleEnd.Lens", "B2R2\src\MiddleEnd\Lens\B2R2.MiddleEnd.Lens.fsproj", "{044F4EDE-8996-4FBB-9B99-615742A10C3B}"
EndProject
Project("{6EC3EE1D-3C4E-46DD-8F32-0CC8E7565705}") = "B2R2.MiddleEnd.Reclaimer", "B2R2\src\MiddleEnd\Reclaimer\B2R2.MiddleEnd.Reclaimer.fsproj", "{67E85E5C-7CF7-4BAB-872E-81715814ADD6}"
EndProject
Global
	GlobalSection(SolutionConfigurationPlatforms) = preSolution
		Debug|Any CPU = Debug|Any CPU
		Debug|x64 = Debug|x64
		Debug|x86 = Debug|x86
		Release|Any CPU = Release|Any CPU
		Release|x64 = Release|x64
		Release|x86 = Release|x86
	EndGlobalSection
	GlobalSection(ProjectConfigurationPlatforms) = postSolution
		{9BAA8984-129E-4567-9DBD-DA69750833BD}.Debug|Any CPU.ActiveCfg = Debug|Any CPU
		{9BAA8984-129E-4567-9DBD-DA69750833BD}.Debug|Any CPU.Build.0 = Debug|Any CPU
		{9BAA8984-129E-4567-9DBD-DA69750833BD}.Debug|x64.ActiveCfg = Debug|Any CPU
		{9BAA8984-129E-4567-9DBD-DA69750833BD}.Debug|x64.Build.0 = Debug|Any CPU
		{9BAA8984-129E-4567-9DBD-DA69750833BD}.Debug|x86.ActiveCfg = Debug|Any CPU
		{9BAA8984-129E-4567-9DBD-DA69750833BD}.Debug|x86.Build.0 = Debug|Any CPU
		{9BAA8984-129E-4567-9DBD-DA69750833BD}.Release|Any CPU.ActiveCfg = Release|Any CPU
		{9BAA8984-129E-4567-9DBD-DA69750833BD}.Release|Any CPU.Build.0 = Release|Any CPU
		{9BAA8984-129E-4567-9DBD-DA69750833BD}.Release|x64.ActiveCfg = Release|Any CPU
		{9BAA8984-129E-4567-9DBD-DA69750833BD}.Release|x64.Build.0 = Release|Any CPU
		{9BAA8984-129E-4567-9DBD-DA69750833BD}.Release|x86.ActiveCfg = Release|Any CPU
		{9BAA8984-129E-4567-9DBD-DA69750833BD}.Release|x86.Build.0 = Release|Any CPU
		{824B57B8-8A88-4ED6-9BF6-AF5826AFD252}.Debug|Any CPU.ActiveCfg = Debug|Any CPU
		{824B57B8-8A88-4ED6-9BF6-AF5826AFD252}.Debug|Any CPU.Build.0 = Debug|Any CPU
		{824B57B8-8A88-4ED6-9BF6-AF5826AFD252}.Debug|x64.ActiveCfg = Debug|Any CPU
		{824B57B8-8A88-4ED6-9BF6-AF5826AFD252}.Debug|x64.Build.0 = Debug|Any CPU
		{824B57B8-8A88-4ED6-9BF6-AF5826AFD252}.Debug|x86.ActiveCfg = Debug|Any CPU
		{824B57B8-8A88-4ED6-9BF6-AF5826AFD252}.Debug|x86.Build.0 = Debug|Any CPU
		{824B57B8-8A88-4ED6-9BF6-AF5826AFD252}.Release|Any CPU.ActiveCfg = Release|Any CPU
		{824B57B8-8A88-4ED6-9BF6-AF5826AFD252}.Release|Any CPU.Build.0 = Release|Any CPU
		{824B57B8-8A88-4ED6-9BF6-AF5826AFD252}.Release|x64.ActiveCfg = Release|Any CPU
		{824B57B8-8A88-4ED6-9BF6-AF5826AFD252}.Release|x64.Build.0 = Release|Any CPU
		{824B57B8-8A88-4ED6-9BF6-AF5826AFD252}.Release|x86.ActiveCfg = Release|Any CPU
		{824B57B8-8A88-4ED6-9BF6-AF5826AFD252}.Release|x86.Build.0 = Release|Any CPU
		{D49F6D18-028E-462A-8042-BD041621F26F}.Debug|Any CPU.ActiveCfg = Debug|Any CPU
		{D49F6D18-028E-462A-8042-BD041621F26F}.Debug|Any CPU.Build.0 = Debug|Any CPU
		{D49F6D18-028E-462A-8042-BD041621F26F}.Debug|x64.ActiveCfg = Debug|Any CPU
		{D49F6D18-028E-462A-8042-BD041621F26F}.Debug|x64.Build.0 = Debug|Any CPU
		{D49F6D18-028E-462A-8042-BD041621F26F}.Debug|x86.ActiveCfg = Debug|Any CPU
		{D49F6D18-028E-462A-8042-BD041621F26F}.Debug|x86.Build.0 = Debug|Any CPU
		{D49F6D18-028E-462A-8042-BD041621F26F}.Release|Any CPU.ActiveCfg = Release|Any CPU
		{D49F6D18-028E-462A-8042-BD041621F26F}.Release|Any CPU.Build.0 = Release|Any CPU
		{D49F6D18-028E-462A-8042-BD041621F26F}.Release|x64.ActiveCfg = Release|Any CPU
		{D49F6D18-028E-462A-8042-BD041621F26F}.Release|x64.Build.0 = Release|Any CPU
		{D49F6D18-028E-462A-8042-BD041621F26F}.Release|x86.ActiveCfg = Release|Any CPU
		{D49F6D18-028E-462A-8042-BD041621F26F}.Release|x86.Build.0 = Release|Any CPU
		{9F7D9FA0-4C14-40C2-BC7B-B52540DCE16F}.Debug|Any CPU.ActiveCfg = Debug|Any CPU
		{9F7D9FA0-4C14-40C2-BC7B-B52540DCE16F}.Debug|Any CPU.Build.0 = Debug|Any CPU
		{9F7D9FA0-4C14-40C2-BC7B-B52540DCE16F}.Debug|x64.ActiveCfg = Debug|Any CPU
		{9F7D9FA0-4C14-40C2-BC7B-B52540DCE16F}.Debug|x64.Build.0 = Debug|Any CPU
		{9F7D9FA0-4C14-40C2-BC7B-B52540DCE16F}.Debug|x86.ActiveCfg = Debug|Any CPU
		{9F7D9FA0-4C14-40C2-BC7B-B52540DCE16F}.Debug|x86.Build.0 = Debug|Any CPU
		{9F7D9FA0-4C14-40C2-BC7B-B52540DCE16F}.Release|Any CPU.ActiveCfg = Release|Any CPU
		{9F7D9FA0-4C14-40C2-BC7B-B52540DCE16F}.Release|Any CPU.Build.0 = Release|Any CPU
		{9F7D9FA0-4C14-40C2-BC7B-B52540DCE16F}.Release|x64.ActiveCfg = Release|Any CPU
		{9F7D9FA0-4C14-40C2-BC7B-B52540DCE16F}.Release|x64.Build.0 = Release|Any CPU
		{9F7D9FA0-4C14-40C2-BC7B-B52540DCE16F}.Release|x86.ActiveCfg = Release|Any CPU
		{9F7D9FA0-4C14-40C2-BC7B-B52540DCE16F}.Release|x86.Build.0 = Release|Any CPU
		{67E85E5C-7CF7-4BAB-872E-81715814ADD6}.Debug|Any CPU.ActiveCfg = Debug|Any CPU
		{67E85E5C-7CF7-4BAB-872E-81715814ADD6}.Debug|Any CPU.Build.0 = Debug|Any CPU
		{67E85E5C-7CF7-4BAB-872E-81715814ADD6}.Debug|x64.ActiveCfg = Debug|Any CPU
		{67E85E5C-7CF7-4BAB-872E-81715814ADD6}.Debug|x64.Build.0 = Debug|Any CPU
		{67E85E5C-7CF7-4BAB-872E-81715814ADD6}.Debug|x86.ActiveCfg = Debug|Any CPU
		{67E85E5C-7CF7-4BAB-872E-81715814ADD6}.Debug|x86.Build.0 = Debug|Any CPU
		{67E85E5C-7CF7-4BAB-872E-81715814ADD6}.Release|Any CPU.ActiveCfg = Release|Any CPU
		{67E85E5C-7CF7-4BAB-872E-81715814ADD6}.Release|Any CPU.Build.0 = Release|Any CPU
		{67E85E5C-7CF7-4BAB-872E-81715814ADD6}.Release|x64.ActiveCfg = Release|Any CPU
		{67E85E5C-7CF7-4BAB-872E-81715814ADD6}.Release|x64.Build.0 = Release|Any CPU
		{67E85E5C-7CF7-4BAB-872E-81715814ADD6}.Release|x86.ActiveCfg = Release|Any CPU
		{67E85E5C-7CF7-4BAB-872E-81715814ADD6}.Release|x86.Build.0 = Release|Any CPU
		{66487E54-7725-4094-A3D9-35DB05D89038}.Debug|Any CPU.ActiveCfg = Debug|Any CPU
		{66487E54-7725-4094-A3D9-35DB05D89038}.Debug|Any CPU.Build.0 = Debug|Any CPU
		{66487E54-7725-4094-A3D9-35DB05D89038}.Debug|x64.ActiveCfg = Debug|Any CPU
		{66487E54-7725-4094-A3D9-35DB05D89038}.Debug|x64.Build.0 = Debug|Any CPU
		{66487E54-7725-4094-A3D9-35DB05D89038}.Debug|x86.ActiveCfg = Debug|Any CPU
		{66487E54-7725-4094-A3D9-35DB05D89038}.Debug|x86.Build.0 = Debug|Any CPU
		{66487E54-7725-4094-A3D9-35DB05D89038}.Release|Any CPU.ActiveCfg = Release|Any CPU
		{66487E54-7725-4094-A3D9-35DB05D89038}.Release|Any CPU.Build.0 = Release|Any CPU
		{66487E54-7725-4094-A3D9-35DB05D89038}.Release|x64.ActiveCfg = Release|Any CPU
		{66487E54-7725-4094-A3D9-35DB05D89038}.Release|x64.Build.0 = Release|Any CPU
		{66487E54-7725-4094-A3D9-35DB05D89038}.Release|x86.ActiveCfg = Release|Any CPU
		{66487E54-7725-4094-A3D9-35DB05D89038}.Release|x86.Build.0 = Release|Any CPU
		{FAFF6555-F402-4893-AFDE-83839CEEA0C3}.Debug|Any CPU.ActiveCfg = Debug|Any CPU
		{FAFF6555-F402-4893-AFDE-83839CEEA0C3}.Debug|Any CPU.Build.0 = Debug|Any CPU
		{FAFF6555-F402-4893-AFDE-83839CEEA0C3}.Debug|x64.ActiveCfg = Debug|Any CPU
		{FAFF6555-F402-4893-AFDE-83839CEEA0C3}.Debug|x64.Build.0 = Debug|Any CPU
		{FAFF6555-F402-4893-AFDE-83839CEEA0C3}.Debug|x86.ActiveCfg = Debug|Any CPU
		{FAFF6555-F402-4893-AFDE-83839CEEA0C3}.Debug|x86.Build.0 = Debug|Any CPU
		{FAFF6555-F402-4893-AFDE-83839CEEA0C3}.Release|Any CPU.ActiveCfg = Release|Any CPU
		{FAFF6555-F402-4893-AFDE-83839CEEA0C3}.Release|Any CPU.Build.0 = Release|Any CPU
		{FAFF6555-F402-4893-AFDE-83839CEEA0C3}.Release|x64.ActiveCfg = Release|Any CPU
		{FAFF6555-F402-4893-AFDE-83839CEEA0C3}.Release|x64.Build.0 = Release|Any CPU
		{FAFF6555-F402-4893-AFDE-83839CEEA0C3}.Release|x86.ActiveCfg = Release|Any CPU
		{FAFF6555-F402-4893-AFDE-83839CEEA0C3}.Release|x86.Build.0 = Release|Any CPU
		{73967CFA-78B3-40C2-AC3E-757E8745CB8D}.Debug|Any CPU.ActiveCfg = Debug|Any CPU
		{73967CFA-78B3-40C2-AC3E-757E8745CB8D}.Debug|Any CPU.Build.0 = Debug|Any CPU
		{73967CFA-78B3-40C2-AC3E-757E8745CB8D}.Debug|x64.ActiveCfg = Debug|Any CPU
		{73967CFA-78B3-40C2-AC3E-757E8745CB8D}.Debug|x64.Build.0 = Debug|Any CPU
		{73967CFA-78B3-40C2-AC3E-757E8745CB8D}.Debug|x86.ActiveCfg = Debug|Any CPU
		{73967CFA-78B3-40C2-AC3E-757E8745CB8D}.Debug|x86.Build.0 = Debug|Any CPU
		{73967CFA-78B3-40C2-AC3E-757E8745CB8D}.Release|Any CPU.ActiveCfg = Release|Any CPU
		{73967CFA-78B3-40C2-AC3E-757E8745CB8D}.Release|Any CPU.Build.0 = Release|Any CPU
		{73967CFA-78B3-40C2-AC3E-757E8745CB8D}.Release|x64.ActiveCfg = Release|Any CPU
		{73967CFA-78B3-40C2-AC3E-757E8745CB8D}.Release|x64.Build.0 = Release|Any CPU
		{73967CFA-78B3-40C2-AC3E-757E8745CB8D}.Release|x86.ActiveCfg = Release|Any CPU
		{73967CFA-78B3-40C2-AC3E-757E8745CB8D}.Release|x86.Build.0 = Release|Any CPU
		{6E51EABB-9FC2-47AC-9CAC-111B318FE908}.Debug|Any CPU.ActiveCfg = Debug|Any CPU
		{6E51EABB-9FC2-47AC-9CAC-111B318FE908}.Debug|Any CPU.Build.0 = Debug|Any CPU
		{6E51EABB-9FC2-47AC-9CAC-111B318FE908}.Debug|x64.ActiveCfg = Debug|Any CPU
		{6E51EABB-9FC2-47AC-9CAC-111B318FE908}.Debug|x64.Build.0 = Debug|Any CPU
		{6E51EABB-9FC2-47AC-9CAC-111B318FE908}.Debug|x86.ActiveCfg = Debug|Any CPU
		{6E51EABB-9FC2-47AC-9CAC-111B318FE908}.Debug|x86.Build.0 = Debug|Any CPU
		{6E51EABB-9FC2-47AC-9CAC-111B318FE908}.Release|Any CPU.ActiveCfg = Release|Any CPU
		{6E51EABB-9FC2-47AC-9CAC-111B318FE908}.Release|Any CPU.Build.0 = Release|Any CPU
		{6E51EABB-9FC2-47AC-9CAC-111B318FE908}.Release|x64.ActiveCfg = Release|Any CPU
		{6E51EABB-9FC2-47AC-9CAC-111B318FE908}.Release|x64.Build.0 = Release|Any CPU
		{6E51EABB-9FC2-47AC-9CAC-111B318FE908}.Release|x86.ActiveCfg = Release|Any CPU
		{6E51EABB-9FC2-47AC-9CAC-111B318FE908}.Release|x86.Build.0 = Release|Any CPU
		{1381979B-49FC-4D97-8912-EC1478CE4264}.Debug|Any CPU.ActiveCfg = Debug|Any CPU
		{1381979B-49FC-4D97-8912-EC1478CE4264}.Debug|Any CPU.Build.0 = Debug|Any CPU
		{1381979B-49FC-4D97-8912-EC1478CE4264}.Debug|x64.ActiveCfg = Debug|Any CPU
		{1381979B-49FC-4D97-8912-EC1478CE4264}.Debug|x64.Build.0 = Debug|Any CPU
		{1381979B-49FC-4D97-8912-EC1478CE4264}.Debug|x86.ActiveCfg = Debug|Any CPU
		{1381979B-49FC-4D97-8912-EC1478CE4264}.Debug|x86.Build.0 = Debug|Any CPU
		{1381979B-49FC-4D97-8912-EC1478CE4264}.Release|Any CPU.ActiveCfg = Release|Any CPU
		{1381979B-49FC-4D97-8912-EC1478CE4264}.Release|Any CPU.Build.0 = Release|Any CPU
		{1381979B-49FC-4D97-8912-EC1478CE4264}.Release|x64.ActiveCfg = Release|Any CPU
		{1381979B-49FC-4D97-8912-EC1478CE4264}.Release|x64.Build.0 = Release|Any CPU
		{1381979B-49FC-4D97-8912-EC1478CE4264}.Release|x86.ActiveCfg = Release|Any CPU
		{1381979B-49FC-4D97-8912-EC1478CE4264}.Release|x86.Build.0 = Release|Any CPU
		{06885D77-4A1B-4C58-BE50-2937C9E31B3D}.Debug|Any CPU.ActiveCfg = Debug|Any CPU
		{06885D77-4A1B-4C58-BE50-2937C9E31B3D}.Debug|Any CPU.Build.0 = Debug|Any CPU
		{06885D77-4A1B-4C58-BE50-2937C9E31B3D}.Debug|x64.ActiveCfg = Debug|Any CPU
		{06885D77-4A1B-4C58-BE50-2937C9E31B3D}.Debug|x64.Build.0 = Debug|Any CPU
		{06885D77-4A1B-4C58-BE50-2937C9E31B3D}.Debug|x86.ActiveCfg = Debug|Any CPU
		{06885D77-4A1B-4C58-BE50-2937C9E31B3D}.Debug|x86.Build.0 = Debug|Any CPU
		{06885D77-4A1B-4C58-BE50-2937C9E31B3D}.Release|Any CPU.ActiveCfg = Release|Any CPU
		{06885D77-4A1B-4C58-BE50-2937C9E31B3D}.Release|Any CPU.Build.0 = Release|Any CPU
		{06885D77-4A1B-4C58-BE50-2937C9E31B3D}.Release|x64.ActiveCfg = Release|Any CPU
		{06885D77-4A1B-4C58-BE50-2937C9E31B3D}.Release|x64.Build.0 = Release|Any CPU
		{06885D77-4A1B-4C58-BE50-2937C9E31B3D}.Release|x86.ActiveCfg = Release|Any CPU
		{06885D77-4A1B-4C58-BE50-2937C9E31B3D}.Release|x86.Build.0 = Release|Any CPU
		{D4107398-AE04-4353-BE04-45814C3E2AEF}.Debug|Any CPU.ActiveCfg = Debug|Any CPU
		{D4107398-AE04-4353-BE04-45814C3E2AEF}.Debug|Any CPU.Build.0 = Debug|Any CPU
		{D4107398-AE04-4353-BE04-45814C3E2AEF}.Debug|x64.ActiveCfg = Debug|Any CPU
		{D4107398-AE04-4353-BE04-45814C3E2AEF}.Debug|x64.Build.0 = Debug|Any CPU
		{D4107398-AE04-4353-BE04-45814C3E2AEF}.Debug|x86.ActiveCfg = Debug|Any CPU
		{D4107398-AE04-4353-BE04-45814C3E2AEF}.Debug|x86.Build.0 = Debug|Any CPU
		{D4107398-AE04-4353-BE04-45814C3E2AEF}.Release|Any CPU.ActiveCfg = Release|Any CPU
		{D4107398-AE04-4353-BE04-45814C3E2AEF}.Release|Any CPU.Build.0 = Release|Any CPU
		{D4107398-AE04-4353-BE04-45814C3E2AEF}.Release|x64.ActiveCfg = Release|Any CPU
		{D4107398-AE04-4353-BE04-45814C3E2AEF}.Release|x64.Build.0 = Release|Any CPU
		{D4107398-AE04-4353-BE04-45814C3E2AEF}.Release|x86.ActiveCfg = Release|Any CPU
		{D4107398-AE04-4353-BE04-45814C3E2AEF}.Release|x86.Build.0 = Release|Any CPU
		{120FC054-B006-4ADD-B61E-A41DC9D7C58D}.Debug|Any CPU.ActiveCfg = Debug|Any CPU
		{120FC054-B006-4ADD-B61E-A41DC9D7C58D}.Debug|Any CPU.Build.0 = Debug|Any CPU
		{120FC054-B006-4ADD-B61E-A41DC9D7C58D}.Debug|x64.ActiveCfg = Debug|Any CPU
		{120FC054-B006-4ADD-B61E-A41DC9D7C58D}.Debug|x64.Build.0 = Debug|Any CPU
		{120FC054-B006-4ADD-B61E-A41DC9D7C58D}.Debug|x86.ActiveCfg = Debug|Any CPU
		{120FC054-B006-4ADD-B61E-A41DC9D7C58D}.Debug|x86.Build.0 = Debug|Any CPU
		{120FC054-B006-4ADD-B61E-A41DC9D7C58D}.Release|Any CPU.ActiveCfg = Release|Any CPU
		{120FC054-B006-4ADD-B61E-A41DC9D7C58D}.Release|Any CPU.Build.0 = Release|Any CPU
		{120FC054-B006-4ADD-B61E-A41DC9D7C58D}.Release|x64.ActiveCfg = Release|Any CPU
		{120FC054-B006-4ADD-B61E-A41DC9D7C58D}.Release|x64.Build.0 = Release|Any CPU
		{120FC054-B006-4ADD-B61E-A41DC9D7C58D}.Release|x86.ActiveCfg = Release|Any CPU
		{120FC054-B006-4ADD-B61E-A41DC9D7C58D}.Release|x86.Build.0 = Release|Any CPU
		{8B1F2F63-EA1C-4B50-B238-8EB3F35303E1}.Debug|Any CPU.ActiveCfg = Debug|Any CPU
		{8B1F2F63-EA1C-4B50-B238-8EB3F35303E1}.Debug|Any CPU.Build.0 = Debug|Any CPU
		{8B1F2F63-EA1C-4B50-B238-8EB3F35303E1}.Debug|x64.ActiveCfg = Debug|Any CPU
		{8B1F2F63-EA1C-4B50-B238-8EB3F35303E1}.Debug|x64.Build.0 = Debug|Any CPU
		{8B1F2F63-EA1C-4B50-B238-8EB3F35303E1}.Debug|x86.ActiveCfg = Debug|Any CPU
		{8B1F2F63-EA1C-4B50-B238-8EB3F35303E1}.Debug|x86.Build.0 = Debug|Any CPU
		{8B1F2F63-EA1C-4B50-B238-8EB3F35303E1}.Release|Any CPU.ActiveCfg = Release|Any CPU
		{8B1F2F63-EA1C-4B50-B238-8EB3F35303E1}.Release|Any CPU.Build.0 = Release|Any CPU
		{8B1F2F63-EA1C-4B50-B238-8EB3F35303E1}.Release|x64.ActiveCfg = Release|Any CPU
		{8B1F2F63-EA1C-4B50-B238-8EB3F35303E1}.Release|x64.Build.0 = Release|Any CPU
		{8B1F2F63-EA1C-4B50-B238-8EB3F35303E1}.Release|x86.ActiveCfg = Release|Any CPU
		{8B1F2F63-EA1C-4B50-B238-8EB3F35303E1}.Release|x86.Build.0 = Release|Any CPU
		{ADEBBF6F-5CDC-4768-A793-5040622D0830}.Debug|Any CPU.ActiveCfg = Debug|Any CPU
		{ADEBBF6F-5CDC-4768-A793-5040622D0830}.Debug|Any CPU.Build.0 = Debug|Any CPU
		{ADEBBF6F-5CDC-4768-A793-5040622D0830}.Debug|x64.ActiveCfg = Debug|Any CPU
		{ADEBBF6F-5CDC-4768-A793-5040622D0830}.Debug|x64.Build.0 = Debug|Any CPU
		{ADEBBF6F-5CDC-4768-A793-5040622D0830}.Debug|x86.ActiveCfg = Debug|Any CPU
		{ADEBBF6F-5CDC-4768-A793-5040622D0830}.Debug|x86.Build.0 = Debug|Any CPU
		{ADEBBF6F-5CDC-4768-A793-5040622D0830}.Release|Any CPU.ActiveCfg = Release|Any CPU
		{ADEBBF6F-5CDC-4768-A793-5040622D0830}.Release|Any CPU.Build.0 = Release|Any CPU
		{ADEBBF6F-5CDC-4768-A793-5040622D0830}.Release|x64.ActiveCfg = Release|Any CPU
		{ADEBBF6F-5CDC-4768-A793-5040622D0830}.Release|x64.Build.0 = Release|Any CPU
		{ADEBBF6F-5CDC-4768-A793-5040622D0830}.Release|x86.ActiveCfg = Release|Any CPU
		{ADEBBF6F-5CDC-4768-A793-5040622D0830}.Release|x86.Build.0 = Release|Any CPU
		{58451FDA-4CD9-4ACE-A79D-9A75548F746D}.Debug|Any CPU.ActiveCfg = Debug|Any CPU
		{58451FDA-4CD9-4ACE-A79D-9A75548F746D}.Debug|Any CPU.Build.0 = Debug|Any CPU
		{58451FDA-4CD9-4ACE-A79D-9A75548F746D}.Debug|x64.ActiveCfg = Debug|Any CPU
		{58451FDA-4CD9-4ACE-A79D-9A75548F746D}.Debug|x64.Build.0 = Debug|Any CPU
		{58451FDA-4CD9-4ACE-A79D-9A75548F746D}.Debug|x86.ActiveCfg = Debug|Any CPU
		{58451FDA-4CD9-4ACE-A79D-9A75548F746D}.Debug|x86.Build.0 = Debug|Any CPU
		{58451FDA-4CD9-4ACE-A79D-9A75548F746D}.Release|Any CPU.ActiveCfg = Release|Any CPU
		{58451FDA-4CD9-4ACE-A79D-9A75548F746D}.Release|Any CPU.Build.0 = Release|Any CPU
		{58451FDA-4CD9-4ACE-A79D-9A75548F746D}.Release|x64.ActiveCfg = Release|Any CPU
		{58451FDA-4CD9-4ACE-A79D-9A75548F746D}.Release|x64.Build.0 = Release|Any CPU
		{58451FDA-4CD9-4ACE-A79D-9A75548F746D}.Release|x86.ActiveCfg = Release|Any CPU
		{58451FDA-4CD9-4ACE-A79D-9A75548F746D}.Release|x86.Build.0 = Release|Any CPU
		{74F0CE52-837A-4345-8936-4779B7BADD03}.Debug|Any CPU.ActiveCfg = Debug|Any CPU
		{74F0CE52-837A-4345-8936-4779B7BADD03}.Debug|Any CPU.Build.0 = Debug|Any CPU
		{74F0CE52-837A-4345-8936-4779B7BADD03}.Debug|x64.ActiveCfg = Debug|Any CPU
		{74F0CE52-837A-4345-8936-4779B7BADD03}.Debug|x64.Build.0 = Debug|Any CPU
		{74F0CE52-837A-4345-8936-4779B7BADD03}.Debug|x86.ActiveCfg = Debug|Any CPU
		{74F0CE52-837A-4345-8936-4779B7BADD03}.Debug|x86.Build.0 = Debug|Any CPU
		{74F0CE52-837A-4345-8936-4779B7BADD03}.Release|Any CPU.ActiveCfg = Release|Any CPU
		{74F0CE52-837A-4345-8936-4779B7BADD03}.Release|Any CPU.Build.0 = Release|Any CPU
		{74F0CE52-837A-4345-8936-4779B7BADD03}.Release|x64.ActiveCfg = Release|Any CPU
		{74F0CE52-837A-4345-8936-4779B7BADD03}.Release|x64.Build.0 = Release|Any CPU
		{74F0CE52-837A-4345-8936-4779B7BADD03}.Release|x86.ActiveCfg = Release|Any CPU
		{74F0CE52-837A-4345-8936-4779B7BADD03}.Release|x86.Build.0 = Release|Any CPU
		{7D36500C-7747-4B5E-A92C-022D6A5C5CEE}.Debug|Any CPU.ActiveCfg = Debug|Any CPU
		{7D36500C-7747-4B5E-A92C-022D6A5C5CEE}.Debug|Any CPU.Build.0 = Debug|Any CPU
		{7D36500C-7747-4B5E-A92C-022D6A5C5CEE}.Debug|x64.ActiveCfg = Debug|Any CPU
		{7D36500C-7747-4B5E-A92C-022D6A5C5CEE}.Debug|x64.Build.0 = Debug|Any CPU
		{7D36500C-7747-4B5E-A92C-022D6A5C5CEE}.Debug|x86.ActiveCfg = Debug|Any CPU
		{7D36500C-7747-4B5E-A92C-022D6A5C5CEE}.Debug|x86.Build.0 = Debug|Any CPU
		{7D36500C-7747-4B5E-A92C-022D6A5C5CEE}.Release|Any CPU.ActiveCfg = Release|Any CPU
		{7D36500C-7747-4B5E-A92C-022D6A5C5CEE}.Release|Any CPU.Build.0 = Release|Any CPU
		{7D36500C-7747-4B5E-A92C-022D6A5C5CEE}.Release|x64.ActiveCfg = Release|Any CPU
		{7D36500C-7747-4B5E-A92C-022D6A5C5CEE}.Release|x64.Build.0 = Release|Any CPU
		{7D36500C-7747-4B5E-A92C-022D6A5C5CEE}.Release|x86.ActiveCfg = Release|Any CPU
		{7D36500C-7747-4B5E-A92C-022D6A5C5CEE}.Release|x86.Build.0 = Release|Any CPU
		{1368FFC8-DFB4-4017-BAA3-435C7D965E7B}.Debug|Any CPU.ActiveCfg = Debug|Any CPU
		{1368FFC8-DFB4-4017-BAA3-435C7D965E7B}.Debug|Any CPU.Build.0 = Debug|Any CPU
		{1368FFC8-DFB4-4017-BAA3-435C7D965E7B}.Debug|x64.ActiveCfg = Debug|Any CPU
		{1368FFC8-DFB4-4017-BAA3-435C7D965E7B}.Debug|x64.Build.0 = Debug|Any CPU
		{1368FFC8-DFB4-4017-BAA3-435C7D965E7B}.Debug|x86.ActiveCfg = Debug|Any CPU
		{1368FFC8-DFB4-4017-BAA3-435C7D965E7B}.Debug|x86.Build.0 = Debug|Any CPU
		{1368FFC8-DFB4-4017-BAA3-435C7D965E7B}.Release|Any CPU.ActiveCfg = Release|Any CPU
		{1368FFC8-DFB4-4017-BAA3-435C7D965E7B}.Release|Any CPU.Build.0 = Release|Any CPU
		{1368FFC8-DFB4-4017-BAA3-435C7D965E7B}.Release|x64.ActiveCfg = Release|Any CPU
		{1368FFC8-DFB4-4017-BAA3-435C7D965E7B}.Release|x64.Build.0 = Release|Any CPU
		{1368FFC8-DFB4-4017-BAA3-435C7D965E7B}.Release|x86.ActiveCfg = Release|Any CPU
		{1368FFC8-DFB4-4017-BAA3-435C7D965E7B}.Release|x86.Build.0 = Release|Any CPU
		{044F4EDE-8996-4FBB-9B99-615742A10C3B}.Debug|Any CPU.ActiveCfg = Debug|Any CPU
		{044F4EDE-8996-4FBB-9B99-615742A10C3B}.Debug|Any CPU.Build.0 = Debug|Any CPU
		{044F4EDE-8996-4FBB-9B99-615742A10C3B}.Debug|x64.ActiveCfg = Debug|Any CPU
		{044F4EDE-8996-4FBB-9B99-615742A10C3B}.Debug|x64.Build.0 = Debug|Any CPU
		{044F4EDE-8996-4FBB-9B99-615742A10C3B}.Debug|x86.ActiveCfg = Debug|Any CPU
		{044F4EDE-8996-4FBB-9B99-615742A10C3B}.Debug|x86.Build.0 = Debug|Any CPU
		{044F4EDE-8996-4FBB-9B99-615742A10C3B}.Release|Any CPU.ActiveCfg = Release|Any CPU
		{044F4EDE-8996-4FBB-9B99-615742A10C3B}.Release|Any CPU.Build.0 = Release|Any CPU
		{044F4EDE-8996-4FBB-9B99-615742A10C3B}.Release|x64.ActiveCfg = Release|Any CPU
		{044F4EDE-8996-4FBB-9B99-615742A10C3B}.Release|x64.Build.0 = Release|Any CPU
		{044F4EDE-8996-4FBB-9B99-615742A10C3B}.Release|x86.ActiveCfg = Release|Any CPU
		{044F4EDE-8996-4FBB-9B99-615742A10C3B}.Release|x86.Build.0 = Release|Any CPU
	EndGlobalSection
	GlobalSection(SolutionProperties) = preSolution
		HideSolutionNode = FALSE
	EndGlobalSection
	GlobalSection(ExtensibilityGlobals) = postSolution
		SolutionGuid = {F9E8E164-DEB7-47BB-82EE-D8CD31871275}
	EndGlobalSection
EndGlobal
